// !$*UTF8*$!
{
	archiveVersion = 1;
	classes = {
	};
	objectVersion = 48;
	objects = {

/* Begin PBXBuildFile section */
		DB0CAE8E1FFDFEE600F7B8C5 /* User.swift in Sources */ = {isa = PBXBuildFile; fileRef = DB0CAE8D1FFDFEE600F7B8C5 /* User.swift */; };
		DB229323C2D2F07693FD83CB /* Pods_ComCard.framework in Frameworks */ = {isa = PBXBuildFile; fileRef = 8746F01FC988FBFD0E7D72E6 /* Pods_ComCard.framework */; };
		DB2E3AAC2011B26800E39C79 /* EmailCaptureVC.swift in Sources */ = {isa = PBXBuildFile; fileRef = DB2E3AAB2011B26800E39C79 /* EmailCaptureVC.swift */; };
		DB2E3AAE2011B54D00E39C79 /* PasswordCaptureVC.swift in Sources */ = {isa = PBXBuildFile; fileRef = DB2E3AAD2011B54D00E39C79 /* PasswordCaptureVC.swift */; };
		DB2E3AB02011CFB200E39C79 /* NameCaptureVC.swift in Sources */ = {isa = PBXBuildFile; fileRef = DB2E3AAF2011CFB200E39C79 /* NameCaptureVC.swift */; };
		DB2E3AB22015A33B00E39C79 /* ChatLogVC.swift in Sources */ = {isa = PBXBuildFile; fileRef = DB2E3AB12015A33B00E39C79 /* ChatLogVC.swift */; };
		DB2E3AB42016BA8B00E39C79 /* TextFieldStyle.swift in Sources */ = {isa = PBXBuildFile; fileRef = DB2E3AB32016BA8B00E39C79 /* TextFieldStyle.swift */; };
		DB2E3AB82018871F00E39C79 /* StringSpaces.swift in Sources */ = {isa = PBXBuildFile; fileRef = DB2E3AB72018871F00E39C79 /* StringSpaces.swift */; };
		DB2E3ABB2019717C00E39C79 /* Message.swift in Sources */ = {isa = PBXBuildFile; fileRef = DB2E3ABA2019717C00E39C79 /* Message.swift */; };
		DB2E3ABD2019733900E39C79 /* MessageCell.swift in Sources */ = {isa = PBXBuildFile; fileRef = DB2E3ABC2019733900E39C79 /* MessageCell.swift */; };
		DB2E3ABF201EF1CA00E39C79 /* MessagesVC.swift in Sources */ = {isa = PBXBuildFile; fileRef = DB2E3ABE201EF1CA00E39C79 /* MessagesVC.swift */; };
		DB30BE012037AB7700A289C5 /* OrderPlaceVC.swift in Sources */ = {isa = PBXBuildFile; fileRef = DB30BE002037AB7700A289C5 /* OrderPlaceVC.swift */; };
		DB30BE03203A61E100A289C5 /* HTTPService.swift in Sources */ = {isa = PBXBuildFile; fileRef = DB30BE02203A61E100A289C5 /* HTTPService.swift */; };
		DB30BE05203AE01500A289C5 /* tabbaritemStyle.swift in Sources */ = {isa = PBXBuildFile; fileRef = DB30BE04203AE01500A289C5 /* tabbaritemStyle.swift */; };
		DB30BE09203D714700A289C5 /* TextViewExt.swift in Sources */ = {isa = PBXBuildFile; fileRef = DB30BE08203D714700A289C5 /* TextViewExt.swift */; };
		DB30BE0D203D74F300A289C5 /* textViewStyle.swift in Sources */ = {isa = PBXBuildFile; fileRef = DB30BE0C203D74F300A289C5 /* textViewStyle.swift */; };
		DB30BE10203EAE0600A289C5 /* cameraControllerVC.swift in Sources */ = {isa = PBXBuildFile; fileRef = DB30BE0F203EAE0600A289C5 /* cameraControllerVC.swift */; };
		DB30BE122040D02F00A289C5 /* CustomAlert+Ext.swift in Sources */ = {isa = PBXBuildFile; fileRef = DB30BE112040D02F00A289C5 /* CustomAlert+Ext.swift */; };
		DB34E9FF202314EC00AF8640 /* ChatMessageCVCell.swift in Sources */ = {isa = PBXBuildFile; fileRef = DB34E9FE202314EC00AF8640 /* ChatMessageCVCell.swift */; };
		DB34EA0320268F0A00AF8640 /* ImageCache.swift in Sources */ = {isa = PBXBuildFile; fileRef = DB34EA0220268F0A00AF8640 /* ImageCache.swift */; };
		DB67C1F0202D4C38002215F6 /* ComCardTests.swift in Sources */ = {isa = PBXBuildFile; fileRef = DB67C1EF202D4C38002215F6 /* ComCardTests.swift */; };
		DB78D490200C96A6005D5219 /* viewStyle.swift in Sources */ = {isa = PBXBuildFile; fileRef = DB78D48F200C96A6005D5219 /* viewStyle.swift */; };
		DB78D492200D730B005D5219 /* imageStyle.swift in Sources */ = {isa = PBXBuildFile; fileRef = DB78D491200D730B005D5219 /* imageStyle.swift */; };
		DB7BE7551FFDF25400987939 /* ConfigureCell.swift in Sources */ = {isa = PBXBuildFile; fileRef = DB7BE7541FFDF25400987939 /* ConfigureCell.swift */; };
		DBAF945B202FFA4A0008F66B /* ChangePasswordVC.swift in Sources */ = {isa = PBXBuildFile; fileRef = DBAF945A202FFA4A0008F66B /* ChangePasswordVC.swift */; };
		DBAF945F203398DC0008F66B /* QRCode3dVC.swift in Sources */ = {isa = PBXBuildFile; fileRef = DBAF945E203398DC0008F66B /* QRCode3dVC.swift */; };
		DBAF94612033F0640008F66B /* ContactStruct.swift in Sources */ = {isa = PBXBuildFile; fileRef = DBAF94602033F0640008F66B /* ContactStruct.swift */; };
		DBAF94652033F2440008F66B /* ContactsInviteVC.swift in Sources */ = {isa = PBXBuildFile; fileRef = DBAF94642033F2440008F66B /* ContactsInviteVC.swift */; };
		DBAF9467203400120008F66B /* ContacCell.swift in Sources */ = {isa = PBXBuildFile; fileRef = DBAF9466203400120008F66B /* ContacCell.swift */; };
		DBAF946D20341D350008F66B /* SearchbarStyle.swift in Sources */ = {isa = PBXBuildFile; fileRef = DBAF946C20341D350008F66B /* SearchbarStyle.swift */; };
		DBB1AF2B2029861400FF6AA6 /* CountryCodesAndNames.swift in Sources */ = {isa = PBXBuildFile; fileRef = DBB1AF2A2029861400FF6AA6 /* CountryCodesAndNames.swift */; };
		DBB1AF2D2029A11C00FF6AA6 /* NSDictionaryFindKey.swift in Sources */ = {isa = PBXBuildFile; fileRef = DBB1AF2C2029A11C00FF6AA6 /* NSDictionaryFindKey.swift */; };
		DBB1AF35202C29F200FF6AA6 /* QRCodeVC.swift in Sources */ = {isa = PBXBuildFile; fileRef = DBB1AF34202C29F200FF6AA6 /* QRCodeVC.swift */; };
		DBB1AF37202C2AEC00FF6AA6 /* SettingsVC.swift in Sources */ = {isa = PBXBuildFile; fileRef = DBB1AF36202C2AEC00FF6AA6 /* SettingsVC.swift */; };
		DBB1AF39202C4BB100FF6AA6 /* tabBarStyle.swift in Sources */ = {isa = PBXBuildFile; fileRef = DBB1AF38202C4BB100FF6AA6 /* tabBarStyle.swift */; };
		DBBCCC5620044A050078E662 /* StorageService.swift in Sources */ = {isa = PBXBuildFile; fileRef = DBBCCC5520044A050078E662 /* StorageService.swift */; };
		DBBCCC592006DA250078E662 /* Image+size.swift in Sources */ = {isa = PBXBuildFile; fileRef = DBBCCC582006DA250078E662 /* Image+size.swift */; };
		DBD1F95B1FF8271200A2CAE6 /* AppDelegate.swift in Sources */ = {isa = PBXBuildFile; fileRef = DBD1F95A1FF8271200A2CAE6 /* AppDelegate.swift */; };
		DBD1F95D1FF8271200A2CAE6 /* HomeScreenVC.swift in Sources */ = {isa = PBXBuildFile; fileRef = DBD1F95C1FF8271200A2CAE6 /* HomeScreenVC.swift */; };
		DBD1F9601FF8271200A2CAE6 /* Main.storyboard in Resources */ = {isa = PBXBuildFile; fileRef = DBD1F95E1FF8271200A2CAE6 /* Main.storyboard */; };
		DBD1F9621FF8271200A2CAE6 /* Assets.xcassets in Resources */ = {isa = PBXBuildFile; fileRef = DBD1F9611FF8271200A2CAE6 /* Assets.xcassets */; };
		DBD1F9651FF8271200A2CAE6 /* LaunchScreen.storyboard in Resources */ = {isa = PBXBuildFile; fileRef = DBD1F9631FF8271200A2CAE6 /* LaunchScreen.storyboard */; };
		DBD1F97B1FF8271200A2CAE6 /* ComCardUITests.swift in Sources */ = {isa = PBXBuildFile; fileRef = DBD1F97A1FF8271200A2CAE6 /* ComCardUITests.swift */; };
		DBD1F9891FF8313900A2CAE6 /* buttonStyle.swift in Sources */ = {isa = PBXBuildFile; fileRef = DBD1F9881FF8313900A2CAE6 /* buttonStyle.swift */; };
		DBD1F98D1FF83B9000A2CAE6 /* UserSignupVC.swift in Sources */ = {isa = PBXBuildFile; fileRef = DBD1F98C1FF83B9000A2CAE6 /* UserSignupVC.swift */; };
		DBD1F9911FF8B15200A2CAE6 /* ContacVC.swift in Sources */ = {isa = PBXBuildFile; fileRef = DBD1F9901FF8B15200A2CAE6 /* ContacVC.swift */; };
		DBD1F9931FF8EFEF00A2CAE6 /* ConfirmLoginVC.swift in Sources */ = {isa = PBXBuildFile; fileRef = DBD1F9921FF8EFEF00A2CAE6 /* ConfirmLoginVC.swift */; };
		DBD1F9951FF9FE4300A2CAE6 /* UserDetailsVC.swift in Sources */ = {isa = PBXBuildFile; fileRef = DBD1F9941FF9FE4300A2CAE6 /* UserDetailsVC.swift */; };
		DBD1F9991FFAE44900A2CAE6 /* GoogleService-Info.plist in Resources */ = {isa = PBXBuildFile; fileRef = DBD1F9981FFAE44900A2CAE6 /* GoogleService-Info.plist */; };
		DBD1F99B1FFAE62A00A2CAE6 /* DataService.swift in Sources */ = {isa = PBXBuildFile; fileRef = DBD1F99A1FFAE62A00A2CAE6 /* DataService.swift */; };
		DBD1F99D1FFB061400A2CAE6 /* AuthService.swift in Sources */ = {isa = PBXBuildFile; fileRef = DBD1F99C1FFB061400A2CAE6 /* AuthService.swift */; };
		DBD1F9A21FFC4CA300A2CAE6 /* UserSigninVC.swift in Sources */ = {isa = PBXBuildFile; fileRef = DBD1F9A11FFC4CA300A2CAE6 /* UserSigninVC.swift */; };
		DD7BFED086B831CB5A478648 /* Pods_ComCardTests.framework in Frameworks */ = {isa = PBXBuildFile; fileRef = DD246F84E7ADA9782C151448 /* Pods_ComCardTests.framework */; };
/* End PBXBuildFile section */

/* Begin PBXContainerItemProxy section */
		DB67C1F2202D4C38002215F6 /* PBXContainerItemProxy */ = {
			isa = PBXContainerItemProxy;
			containerPortal = DBD1F94F1FF8271200A2CAE6 /* Project object */;
			proxyType = 1;
			remoteGlobalIDString = DBD1F9561FF8271200A2CAE6;
			remoteInfo = ComCard;
		};
		DBD1F9771FF8271200A2CAE6 /* PBXContainerItemProxy */ = {
			isa = PBXContainerItemProxy;
			containerPortal = DBD1F94F1FF8271200A2CAE6 /* Project object */;
			proxyType = 1;
			remoteGlobalIDString = DBD1F9561FF8271200A2CAE6;
			remoteInfo = ComCard;
		};
/* End PBXContainerItemProxy section */

/* Begin PBXFileReference section */
		05E723363CE9757A9B7CAA03 /* Pods-ComCard.release.xcconfig */ = {isa = PBXFileReference; includeInIndex = 1; lastKnownFileType = text.xcconfig; name = "Pods-ComCard.release.xcconfig"; path = "Pods/Target Support Files/Pods-ComCard/Pods-ComCard.release.xcconfig"; sourceTree = "<group>"; };
		167BCB9C6027956347E01A01 /* Pods_ComCardUITests.framework */ = {isa = PBXFileReference; explicitFileType = wrapper.framework; includeInIndex = 0; path = Pods_ComCardUITests.framework; sourceTree = BUILT_PRODUCTS_DIR; };
		23DDE27A85F6152E72566201 /* Pods-ComCardTests.release.xcconfig */ = {isa = PBXFileReference; includeInIndex = 1; lastKnownFileType = text.xcconfig; name = "Pods-ComCardTests.release.xcconfig"; path = "Pods/Target Support Files/Pods-ComCardTests/Pods-ComCardTests.release.xcconfig"; sourceTree = "<group>"; };
		8298AE083F765C1146B7C490 /* Pods-ComCardTests.debug.xcconfig */ = {isa = PBXFileReference; includeInIndex = 1; lastKnownFileType = text.xcconfig; name = "Pods-ComCardTests.debug.xcconfig"; path = "Pods/Target Support Files/Pods-ComCardTests/Pods-ComCardTests.debug.xcconfig"; sourceTree = "<group>"; };
		8411E7F6BE361A8D6FF6BCDB /* Pods-ComCard.debug.xcconfig */ = {isa = PBXFileReference; includeInIndex = 1; lastKnownFileType = text.xcconfig; name = "Pods-ComCard.debug.xcconfig"; path = "Pods/Target Support Files/Pods-ComCard/Pods-ComCard.debug.xcconfig"; sourceTree = "<group>"; };
		8746F01FC988FBFD0E7D72E6 /* Pods_ComCard.framework */ = {isa = PBXFileReference; explicitFileType = wrapper.framework; includeInIndex = 0; path = Pods_ComCard.framework; sourceTree = BUILT_PRODUCTS_DIR; };
		DB0CAE8D1FFDFEE600F7B8C5 /* User.swift */ = {isa = PBXFileReference; lastKnownFileType = sourcecode.swift; path = User.swift; sourceTree = "<group>"; };
		DB2E3AAB2011B26800E39C79 /* EmailCaptureVC.swift */ = {isa = PBXFileReference; lastKnownFileType = sourcecode.swift; path = EmailCaptureVC.swift; sourceTree = "<group>"; };
		DB2E3AAD2011B54D00E39C79 /* PasswordCaptureVC.swift */ = {isa = PBXFileReference; lastKnownFileType = sourcecode.swift; path = PasswordCaptureVC.swift; sourceTree = "<group>"; };
		DB2E3AAF2011CFB200E39C79 /* NameCaptureVC.swift */ = {isa = PBXFileReference; lastKnownFileType = sourcecode.swift; path = NameCaptureVC.swift; sourceTree = "<group>"; };
		DB2E3AB12015A33B00E39C79 /* ChatLogVC.swift */ = {isa = PBXFileReference; lastKnownFileType = sourcecode.swift; path = ChatLogVC.swift; sourceTree = "<group>"; };
		DB2E3AB32016BA8B00E39C79 /* TextFieldStyle.swift */ = {isa = PBXFileReference; fileEncoding = 4; lastKnownFileType = sourcecode.swift; path = TextFieldStyle.swift; sourceTree = "<group>"; };
		DB2E3AB72018871F00E39C79 /* StringSpaces.swift */ = {isa = PBXFileReference; lastKnownFileType = sourcecode.swift; path = StringSpaces.swift; sourceTree = "<group>"; };
		DB2E3ABA2019717C00E39C79 /* Message.swift */ = {isa = PBXFileReference; lastKnownFileType = sourcecode.swift; path = Message.swift; sourceTree = "<group>"; };
		DB2E3ABC2019733900E39C79 /* MessageCell.swift */ = {isa = PBXFileReference; lastKnownFileType = sourcecode.swift; path = MessageCell.swift; sourceTree = "<group>"; };
		DB2E3ABE201EF1CA00E39C79 /* MessagesVC.swift */ = {isa = PBXFileReference; lastKnownFileType = sourcecode.swift; path = MessagesVC.swift; sourceTree = "<group>"; };
		DB30BE002037AB7700A289C5 /* OrderPlaceVC.swift */ = {isa = PBXFileReference; lastKnownFileType = sourcecode.swift; path = OrderPlaceVC.swift; sourceTree = "<group>"; };
		DB30BE02203A61E100A289C5 /* HTTPService.swift */ = {isa = PBXFileReference; lastKnownFileType = sourcecode.swift; path = HTTPService.swift; sourceTree = "<group>"; };
		DB30BE04203AE01500A289C5 /* tabbaritemStyle.swift */ = {isa = PBXFileReference; lastKnownFileType = sourcecode.swift; path = tabbaritemStyle.swift; sourceTree = "<group>"; };
		DB30BE08203D714700A289C5 /* TextViewExt.swift */ = {isa = PBXFileReference; lastKnownFileType = sourcecode.swift; path = TextViewExt.swift; sourceTree = "<group>"; };
		DB30BE0C203D74F300A289C5 /* textViewStyle.swift */ = {isa = PBXFileReference; lastKnownFileType = sourcecode.swift; path = textViewStyle.swift; sourceTree = "<group>"; };
		DB30BE0F203EAE0600A289C5 /* cameraControllerVC.swift */ = {isa = PBXFileReference; lastKnownFileType = sourcecode.swift; path = cameraControllerVC.swift; sourceTree = "<group>"; };
		DB30BE112040D02F00A289C5 /* CustomAlert+Ext.swift */ = {isa = PBXFileReference; lastKnownFileType = sourcecode.swift; path = "CustomAlert+Ext.swift"; sourceTree = "<group>"; };
		DB34E9FE202314EC00AF8640 /* ChatMessageCVCell.swift */ = {isa = PBXFileReference; lastKnownFileType = sourcecode.swift; path = ChatMessageCVCell.swift; sourceTree = "<group>"; };
		DB34EA0220268F0A00AF8640 /* ImageCache.swift */ = {isa = PBXFileReference; lastKnownFileType = sourcecode.swift; path = ImageCache.swift; sourceTree = "<group>"; };
		DB67C1E1202D4A0F002215F6 /* ComCardTests.swift */ = {isa = PBXFileReference; lastKnownFileType = sourcecode.swift; path = ComCardTests.swift; sourceTree = "<group>"; };
		DB67C1E3202D4A0F002215F6 /* Info.plist */ = {isa = PBXFileReference; lastKnownFileType = text.plist.xml; path = Info.plist; sourceTree = "<group>"; };
		DB67C1ED202D4C38002215F6 /* ComCardTests.xctest */ = {isa = PBXFileReference; explicitFileType = wrapper.cfbundle; includeInIndex = 0; path = ComCardTests.xctest; sourceTree = BUILT_PRODUCTS_DIR; };
		DB67C1EF202D4C38002215F6 /* ComCardTests.swift */ = {isa = PBXFileReference; lastKnownFileType = sourcecode.swift; path = ComCardTests.swift; sourceTree = "<group>"; };
		DB67C1F1202D4C38002215F6 /* Info.plist */ = {isa = PBXFileReference; lastKnownFileType = text.plist.xml; path = Info.plist; sourceTree = "<group>"; };
		DB78D48F200C96A6005D5219 /* viewStyle.swift */ = {isa = PBXFileReference; lastKnownFileType = sourcecode.swift; path = viewStyle.swift; sourceTree = "<group>"; };
		DB78D491200D730B005D5219 /* imageStyle.swift */ = {isa = PBXFileReference; lastKnownFileType = sourcecode.swift; path = imageStyle.swift; sourceTree = "<group>"; };
		DB7BE7541FFDF25400987939 /* ConfigureCell.swift */ = {isa = PBXFileReference; lastKnownFileType = sourcecode.swift; path = ConfigureCell.swift; sourceTree = "<group>"; };
		DBAF945A202FFA4A0008F66B /* ChangePasswordVC.swift */ = {isa = PBXFileReference; lastKnownFileType = sourcecode.swift; path = ChangePasswordVC.swift; sourceTree = "<group>"; };
		DBAF945E203398DC0008F66B /* QRCode3dVC.swift */ = {isa = PBXFileReference; lastKnownFileType = sourcecode.swift; path = QRCode3dVC.swift; sourceTree = "<group>"; };
		DBAF94602033F0640008F66B /* ContactStruct.swift */ = {isa = PBXFileReference; lastKnownFileType = sourcecode.swift; path = ContactStruct.swift; sourceTree = "<group>"; };
		DBAF94642033F2440008F66B /* ContactsInviteVC.swift */ = {isa = PBXFileReference; lastKnownFileType = sourcecode.swift; path = ContactsInviteVC.swift; sourceTree = "<group>"; };
		DBAF9466203400120008F66B /* ContacCell.swift */ = {isa = PBXFileReference; lastKnownFileType = sourcecode.swift; path = ContacCell.swift; sourceTree = "<group>"; };
		DBAF946C20341D350008F66B /* SearchbarStyle.swift */ = {isa = PBXFileReference; lastKnownFileType = sourcecode.swift; path = SearchbarStyle.swift; sourceTree = "<group>"; };
		DBB1AF2A2029861400FF6AA6 /* CountryCodesAndNames.swift */ = {isa = PBXFileReference; lastKnownFileType = sourcecode.swift; path = CountryCodesAndNames.swift; sourceTree = "<group>"; };
		DBB1AF2C2029A11C00FF6AA6 /* NSDictionaryFindKey.swift */ = {isa = PBXFileReference; lastKnownFileType = sourcecode.swift; path = NSDictionaryFindKey.swift; sourceTree = "<group>"; };
		DBB1AF34202C29F200FF6AA6 /* QRCodeVC.swift */ = {isa = PBXFileReference; lastKnownFileType = sourcecode.swift; path = QRCodeVC.swift; sourceTree = "<group>"; };
		DBB1AF36202C2AEC00FF6AA6 /* SettingsVC.swift */ = {isa = PBXFileReference; lastKnownFileType = sourcecode.swift; path = SettingsVC.swift; sourceTree = "<group>"; };
		DBB1AF38202C4BB100FF6AA6 /* tabBarStyle.swift */ = {isa = PBXFileReference; lastKnownFileType = sourcecode.swift; path = tabBarStyle.swift; sourceTree = "<group>"; };
		DBBCCC5520044A050078E662 /* StorageService.swift */ = {isa = PBXFileReference; lastKnownFileType = sourcecode.swift; path = StorageService.swift; sourceTree = "<group>"; };
		DBBCCC582006DA250078E662 /* Image+size.swift */ = {isa = PBXFileReference; lastKnownFileType = sourcecode.swift; path = "Image+size.swift"; sourceTree = "<group>"; };
		DBD1F9571FF8271200A2CAE6 /* ComCard.app */ = {isa = PBXFileReference; explicitFileType = wrapper.application; includeInIndex = 0; path = ComCard.app; sourceTree = BUILT_PRODUCTS_DIR; };
		DBD1F95A1FF8271200A2CAE6 /* AppDelegate.swift */ = {isa = PBXFileReference; lastKnownFileType = sourcecode.swift; path = AppDelegate.swift; sourceTree = "<group>"; };
		DBD1F95C1FF8271200A2CAE6 /* HomeScreenVC.swift */ = {isa = PBXFileReference; lastKnownFileType = sourcecode.swift; path = HomeScreenVC.swift; sourceTree = "<group>"; };
		DBD1F95F1FF8271200A2CAE6 /* Base */ = {isa = PBXFileReference; lastKnownFileType = file.storyboard; name = Base; path = Base.lproj/Main.storyboard; sourceTree = "<group>"; };
		DBD1F9611FF8271200A2CAE6 /* Assets.xcassets */ = {isa = PBXFileReference; lastKnownFileType = folder.assetcatalog; path = Assets.xcassets; sourceTree = "<group>"; };
		DBD1F9641FF8271200A2CAE6 /* Base */ = {isa = PBXFileReference; lastKnownFileType = file.storyboard; name = Base; path = Base.lproj/LaunchScreen.storyboard; sourceTree = "<group>"; };
		DBD1F9661FF8271200A2CAE6 /* Info.plist */ = {isa = PBXFileReference; lastKnownFileType = text.plist.xml; path = Info.plist; sourceTree = "<group>"; };
		DBD1F96F1FF8271200A2CAE6 /* ComCardTests.swift */ = {isa = PBXFileReference; lastKnownFileType = sourcecode.swift; path = ComCardTests.swift; sourceTree = "<group>"; };
		DBD1F9711FF8271200A2CAE6 /* Info.plist */ = {isa = PBXFileReference; lastKnownFileType = text.plist.xml; path = Info.plist; sourceTree = "<group>"; };
		DBD1F9761FF8271200A2CAE6 /* ComCardUITests.xctest */ = {isa = PBXFileReference; explicitFileType = wrapper.cfbundle; includeInIndex = 0; path = ComCardUITests.xctest; sourceTree = BUILT_PRODUCTS_DIR; };
		DBD1F97A1FF8271200A2CAE6 /* ComCardUITests.swift */ = {isa = PBXFileReference; lastKnownFileType = sourcecode.swift; path = ComCardUITests.swift; sourceTree = "<group>"; };
		DBD1F97C1FF8271200A2CAE6 /* Info.plist */ = {isa = PBXFileReference; lastKnownFileType = text.plist.xml; path = Info.plist; sourceTree = "<group>"; };
		DBD1F9881FF8313900A2CAE6 /* buttonStyle.swift */ = {isa = PBXFileReference; lastKnownFileType = sourcecode.swift; path = buttonStyle.swift; sourceTree = "<group>"; };
		DBD1F98C1FF83B9000A2CAE6 /* UserSignupVC.swift */ = {isa = PBXFileReference; lastKnownFileType = sourcecode.swift; path = UserSignupVC.swift; sourceTree = "<group>"; };
		DBD1F9901FF8B15200A2CAE6 /* ContacVC.swift */ = {isa = PBXFileReference; lastKnownFileType = sourcecode.swift; path = ContacVC.swift; sourceTree = "<group>"; };
		DBD1F9921FF8EFEF00A2CAE6 /* ConfirmLoginVC.swift */ = {isa = PBXFileReference; lastKnownFileType = sourcecode.swift; path = ConfirmLoginVC.swift; sourceTree = "<group>"; };
		DBD1F9941FF9FE4300A2CAE6 /* UserDetailsVC.swift */ = {isa = PBXFileReference; lastKnownFileType = sourcecode.swift; path = UserDetailsVC.swift; sourceTree = "<group>"; };
		DBD1F9981FFAE44900A2CAE6 /* GoogleService-Info.plist */ = {isa = PBXFileReference; fileEncoding = 4; lastKnownFileType = text.plist.xml; path = "GoogleService-Info.plist"; sourceTree = "<group>"; };
		DBD1F99A1FFAE62A00A2CAE6 /* DataService.swift */ = {isa = PBXFileReference; lastKnownFileType = sourcecode.swift; path = DataService.swift; sourceTree = "<group>"; };
		DBD1F99C1FFB061400A2CAE6 /* AuthService.swift */ = {isa = PBXFileReference; lastKnownFileType = sourcecode.swift; path = AuthService.swift; sourceTree = "<group>"; };
		DBD1F99E1FFB0A0400A2CAE6 /* ComCard.entitlements */ = {isa = PBXFileReference; lastKnownFileType = text.plist.entitlements; path = ComCard.entitlements; sourceTree = "<group>"; };
		DBD1F9A11FFC4CA300A2CAE6 /* UserSigninVC.swift */ = {isa = PBXFileReference; lastKnownFileType = sourcecode.swift; path = UserSigninVC.swift; sourceTree = "<group>"; };
		DD246F84E7ADA9782C151448 /* Pods_ComCardTests.framework */ = {isa = PBXFileReference; explicitFileType = wrapper.framework; includeInIndex = 0; path = Pods_ComCardTests.framework; sourceTree = BUILT_PRODUCTS_DIR; };
/* End PBXFileReference section */

/* Begin PBXFrameworksBuildPhase section */
		DB67C1EA202D4C38002215F6 /* Frameworks */ = {
			isa = PBXFrameworksBuildPhase;
			buildActionMask = 2147483647;
			files = (
				DD7BFED086B831CB5A478648 /* Pods_ComCardTests.framework in Frameworks */,
			);
			runOnlyForDeploymentPostprocessing = 0;
		};
		DBD1F9541FF8271200A2CAE6 /* Frameworks */ = {
			isa = PBXFrameworksBuildPhase;
			buildActionMask = 2147483647;
			files = (
				DB229323C2D2F07693FD83CB /* Pods_ComCard.framework in Frameworks */,
			);
			runOnlyForDeploymentPostprocessing = 0;
		};
		DBD1F9731FF8271200A2CAE6 /* Frameworks */ = {
			isa = PBXFrameworksBuildPhase;
			buildActionMask = 2147483647;
			files = (
			);
			runOnlyForDeploymentPostprocessing = 0;
		};
/* End PBXFrameworksBuildPhase section */

/* Begin PBXGroup section */
		54FD752D5C343370D0FB1CC7 /* Frameworks */ = {
			isa = PBXGroup;
			children = (
				8746F01FC988FBFD0E7D72E6 /* Pods_ComCard.framework */,
				DD246F84E7ADA9782C151448 /* Pods_ComCardTests.framework */,
				167BCB9C6027956347E01A01 /* Pods_ComCardUITests.framework */,
			);
			name = Frameworks;
			sourceTree = "<group>";
		};
		B03580281FB9B4F80EF91E84 /* Pods */ = {
			isa = PBXGroup;
			children = (
				8411E7F6BE361A8D6FF6BCDB /* Pods-ComCard.debug.xcconfig */,
				05E723363CE9757A9B7CAA03 /* Pods-ComCard.release.xcconfig */,
				8298AE083F765C1146B7C490 /* Pods-ComCardTests.debug.xcconfig */,
				23DDE27A85F6152E72566201 /* Pods-ComCardTests.release.xcconfig */,
			);
			name = Pods;
			sourceTree = "<group>";
		};
		DB2E3AB92019712800E39C79 /* View */ = {
			isa = PBXGroup;
			children = (
				DB7BE7541FFDF25400987939 /* ConfigureCell.swift */,
				DB2E3ABC2019733900E39C79 /* MessageCell.swift */,
				DB34E9FE202314EC00AF8640 /* ChatMessageCVCell.swift */,
				DBAF9466203400120008F66B /* ContacCell.swift */,
			);
			path = View;
			sourceTree = "<group>";
		};
		DB30BE0E203EADD900A289C5 /* Camera */ = {
			isa = PBXGroup;
			children = (
				DB30BE0F203EAE0600A289C5 /* cameraControllerVC.swift */,
			);
			path = Camera;
			sourceTree = "<group>";
		};
		DB67C1E0202D4A0F002215F6 /* ComCardTests */ = {
			isa = PBXGroup;
			children = (
				DB67C1E1202D4A0F002215F6 /* ComCardTests.swift */,
				DB67C1E3202D4A0F002215F6 /* Info.plist */,
			);
			path = ComCardTests;
			sourceTree = "<group>";
		};
		DB67C1EE202D4C38002215F6 /* ComCardTests */ = {
			isa = PBXGroup;
			children = (
				DB67C1EF202D4C38002215F6 /* ComCardTests.swift */,
				DB67C1F1202D4C38002215F6 /* Info.plist */,
			);
			path = ComCardTests;
			sourceTree = "<group>";
		};
		DBBCCC572006DA0E0078E662 /* Extensions */ = {
			isa = PBXGroup;
			children = (
				DBBCCC582006DA250078E662 /* Image+size.swift */,
				DB2E3AB72018871F00E39C79 /* StringSpaces.swift */,
				DB34EA0220268F0A00AF8640 /* ImageCache.swift */,
				DBB1AF2A2029861400FF6AA6 /* CountryCodesAndNames.swift */,
				DBB1AF2C2029A11C00FF6AA6 /* NSDictionaryFindKey.swift */,
				DB30BE08203D714700A289C5 /* TextViewExt.swift */,
				DB30BE112040D02F00A289C5 /* CustomAlert+Ext.swift */,
			);
			path = Extensions;
			sourceTree = "<group>";
		};
		DBD1F94E1FF8271200A2CAE6 = {
			isa = PBXGroup;
			children = (
				DBD1F9591FF8271200A2CAE6 /* ComCard */,
				DBD1F96E1FF8271200A2CAE6 /* ComCardTests */,
				DBD1F9791FF8271200A2CAE6 /* ComCardUITests */,
				DB67C1E0202D4A0F002215F6 /* ComCardTests */,
				DB67C1EE202D4C38002215F6 /* ComCardTests */,
				DBD1F9581FF8271200A2CAE6 /* Products */,
				B03580281FB9B4F80EF91E84 /* Pods */,
				54FD752D5C343370D0FB1CC7 /* Frameworks */,
			);
			sourceTree = "<group>";
		};
		DBD1F9581FF8271200A2CAE6 /* Products */ = {
			isa = PBXGroup;
			children = (
				DBD1F9571FF8271200A2CAE6 /* ComCard.app */,
				DBD1F9761FF8271200A2CAE6 /* ComCardUITests.xctest */,
				DB67C1ED202D4C38002215F6 /* ComCardTests.xctest */,
			);
			name = Products;
			sourceTree = "<group>";
		};
		DBD1F9591FF8271200A2CAE6 /* ComCard */ = {
			isa = PBXGroup;
			children = (
				DBD1F99E1FFB0A0400A2CAE6 /* ComCard.entitlements */,
				DB30BE0E203EADD900A289C5 /* Camera */,
				DBBCCC572006DA0E0078E662 /* Extensions */,
				DBD1F9971FFAE23400A2CAE6 /* Services */,
				DB2E3AB92019712800E39C79 /* View */,
				DBD1F9961FFAE1EF00A2CAE6 /* Model */,
				DBD1F98B1FF8315300A2CAE6 /* Controller */,
				DBD1F98A1FF8314300A2CAE6 /* Style */,
				DBD1F95A1FF8271200A2CAE6 /* AppDelegate.swift */,
				DBD1F95E1FF8271200A2CAE6 /* Main.storyboard */,
				DBD1F9981FFAE44900A2CAE6 /* GoogleService-Info.plist */,
				DBD1F9611FF8271200A2CAE6 /* Assets.xcassets */,
				DBD1F9631FF8271200A2CAE6 /* LaunchScreen.storyboard */,
				DBD1F9661FF8271200A2CAE6 /* Info.plist */,
			);
			path = ComCard;
			sourceTree = "<group>";
		};
		DBD1F96E1FF8271200A2CAE6 /* ComCardTests */ = {
			isa = PBXGroup;
			children = (
				DBD1F96F1FF8271200A2CAE6 /* ComCardTests.swift */,
				DBD1F9711FF8271200A2CAE6 /* Info.plist */,
			);
			path = ComCardTests;
			sourceTree = "<group>";
		};
		DBD1F9791FF8271200A2CAE6 /* ComCardUITests */ = {
			isa = PBXGroup;
			children = (
				DBD1F97A1FF8271200A2CAE6 /* ComCardUITests.swift */,
				DBD1F97C1FF8271200A2CAE6 /* Info.plist */,
			);
			path = ComCardUITests;
			sourceTree = "<group>";
		};
		DBD1F98A1FF8314300A2CAE6 /* Style */ = {
			isa = PBXGroup;
			children = (
				DBD1F9881FF8313900A2CAE6 /* buttonStyle.swift */,
				DB78D48F200C96A6005D5219 /* viewStyle.swift */,
				DB2E3AB32016BA8B00E39C79 /* TextFieldStyle.swift */,
				DB78D491200D730B005D5219 /* imageStyle.swift */,
				DBB1AF38202C4BB100FF6AA6 /* tabBarStyle.swift */,
				DBAF946C20341D350008F66B /* SearchbarStyle.swift */,
				DB30BE04203AE01500A289C5 /* tabbaritemStyle.swift */,
				DB30BE0C203D74F300A289C5 /* textViewStyle.swift */,
			);
			path = Style;
			sourceTree = "<group>";
		};
		DBD1F98B1FF8315300A2CAE6 /* Controller */ = {
			isa = PBXGroup;
			children = (
				DBD1F95C1FF8271200A2CAE6 /* HomeScreenVC.swift */,
				DBD1F98C1FF83B9000A2CAE6 /* UserSignupVC.swift */,
				DBD1F9921FF8EFEF00A2CAE6 /* ConfirmLoginVC.swift */,
				DB2E3AAB2011B26800E39C79 /* EmailCaptureVC.swift */,
				DB2E3AAD2011B54D00E39C79 /* PasswordCaptureVC.swift */,
				DB2E3AAF2011CFB200E39C79 /* NameCaptureVC.swift */,
				DBD1F9941FF9FE4300A2CAE6 /* UserDetailsVC.swift */,
				DBD1F9A11FFC4CA300A2CAE6 /* UserSigninVC.swift */,
				DBD1F9901FF8B15200A2CAE6 /* ContacVC.swift */,
				DB2E3ABE201EF1CA00E39C79 /* MessagesVC.swift */,
				DB2E3AB12015A33B00E39C79 /* ChatLogVC.swift */,
				DBB1AF34202C29F200FF6AA6 /* QRCodeVC.swift */,
				DBB1AF36202C2AEC00FF6AA6 /* SettingsVC.swift */,
				DBAF945A202FFA4A0008F66B /* ChangePasswordVC.swift */,
				DBAF945E203398DC0008F66B /* QRCode3dVC.swift */,
				DBAF94642033F2440008F66B /* ContactsInviteVC.swift */,
				DB30BE002037AB7700A289C5 /* OrderPlaceVC.swift */,
			);
			path = Controller;
			sourceTree = "<group>";
		};
		DBD1F9961FFAE1EF00A2CAE6 /* Model */ = {
			isa = PBXGroup;
			children = (
				DB0CAE8D1FFDFEE600F7B8C5 /* User.swift */,
				DB2E3ABA2019717C00E39C79 /* Message.swift */,
				DBAF94602033F0640008F66B /* ContactStruct.swift */,
			);
			path = Model;
			sourceTree = "<group>";
		};
		DBD1F9971FFAE23400A2CAE6 /* Services */ = {
			isa = PBXGroup;
			children = (
				DBD1F99A1FFAE62A00A2CAE6 /* DataService.swift */,
				DBD1F99C1FFB061400A2CAE6 /* AuthService.swift */,
				DBBCCC5520044A050078E662 /* StorageService.swift */,
				DB30BE02203A61E100A289C5 /* HTTPService.swift */,
			);
			path = Services;
			sourceTree = "<group>";
		};
/* End PBXGroup section */

/* Begin PBXNativeTarget section */
		DB67C1EC202D4C38002215F6 /* ComCardTests */ = {
			isa = PBXNativeTarget;
			buildConfigurationList = DB67C1F6202D4C38002215F6 /* Build configuration list for PBXNativeTarget "ComCardTests" */;
			buildPhases = (
				F132E6DEC4922F45D787D43D /* [CP] Check Pods Manifest.lock */,
				DB67C1E9202D4C38002215F6 /* Sources */,
				DB67C1EA202D4C38002215F6 /* Frameworks */,
				DB67C1EB202D4C38002215F6 /* Resources */,
				2136113EBD19AEF8309732B4 /* [CP] Embed Pods Frameworks */,
				BE6AE7BC205FCC6FA9E6359D /* [CP] Copy Pods Resources */,
			);
			buildRules = (
			);
			dependencies = (
				DB67C1F3202D4C38002215F6 /* PBXTargetDependency */,
			);
			name = ComCardTests;
			productName = ComCardTests;
			productReference = DB67C1ED202D4C38002215F6 /* ComCardTests.xctest */;
			productType = "com.apple.product-type.bundle.unit-test";
		};
		DBD1F9561FF8271200A2CAE6 /* ComCard */ = {
			isa = PBXNativeTarget;
			buildConfigurationList = DBD1F97F1FF8271200A2CAE6 /* Build configuration list for PBXNativeTarget "ComCard" */;
			buildPhases = (
				BC434A0FECB7137545F293C3 /* [CP] Check Pods Manifest.lock */,
				DBD1F9531FF8271200A2CAE6 /* Sources */,
				DBD1F9541FF8271200A2CAE6 /* Frameworks */,
				DBD1F9551FF8271200A2CAE6 /* Resources */,
				1B7F88A6AA196AF9363090D2 /* [CP] Embed Pods Frameworks */,
				FBE2E31E1F7F99F9822EE37D /* [CP] Copy Pods Resources */,
			);
			buildRules = (
			);
			dependencies = (
			);
			name = ComCard;
			productName = ComCard;
			productReference = DBD1F9571FF8271200A2CAE6 /* ComCard.app */;
			productType = "com.apple.product-type.application";
		};
		DBD1F9751FF8271200A2CAE6 /* ComCardUITests */ = {
			isa = PBXNativeTarget;
			buildConfigurationList = DBD1F9851FF8271200A2CAE6 /* Build configuration list for PBXNativeTarget "ComCardUITests" */;
			buildPhases = (
				DBD1F9721FF8271200A2CAE6 /* Sources */,
				DBD1F9731FF8271200A2CAE6 /* Frameworks */,
				DBD1F9741FF8271200A2CAE6 /* Resources */,
			);
			buildRules = (
			);
			dependencies = (
				DBD1F9781FF8271200A2CAE6 /* PBXTargetDependency */,
			);
			name = ComCardUITests;
			productName = ComCardUITests;
			productReference = DBD1F9761FF8271200A2CAE6 /* ComCardUITests.xctest */;
			productType = "com.apple.product-type.bundle.ui-testing";
		};
/* End PBXNativeTarget section */

/* Begin PBXProject section */
		DBD1F94F1FF8271200A2CAE6 /* Project object */ = {
			isa = PBXProject;
			attributes = {
				LastSwiftUpdateCheck = 0920;
				LastUpgradeCheck = 0920;
				ORGANIZATIONNAME = "Pragun Sharma";
				TargetAttributes = {
					DB67C1EC202D4C38002215F6 = {
						CreatedOnToolsVersion = 9.2;
						ProvisioningStyle = Automatic;
						TestTargetID = DBD1F9561FF8271200A2CAE6;
					};
					DBD1F9561FF8271200A2CAE6 = {
						CreatedOnToolsVersion = 9.2;
						ProvisioningStyle = Automatic;
						SystemCapabilities = {
							com.apple.Push = {
								enabled = 1;
							};
						};
					};
					DBD1F9751FF8271200A2CAE6 = {
						CreatedOnToolsVersion = 9.2;
						ProvisioningStyle = Automatic;
						TestTargetID = DBD1F9561FF8271200A2CAE6;
					};
				};
			};
			buildConfigurationList = DBD1F9521FF8271200A2CAE6 /* Build configuration list for PBXProject "ComCard" */;
			compatibilityVersion = "Xcode 8.0";
			developmentRegion = en;
			hasScannedForEncodings = 0;
			knownRegions = (
				en,
				Base,
			);
			mainGroup = DBD1F94E1FF8271200A2CAE6;
			productRefGroup = DBD1F9581FF8271200A2CAE6 /* Products */;
			projectDirPath = "";
			projectRoot = "";
			targets = (
				DBD1F9561FF8271200A2CAE6 /* ComCard */,
				DBD1F9751FF8271200A2CAE6 /* ComCardUITests */,
				DB67C1EC202D4C38002215F6 /* ComCardTests */,
			);
		};
/* End PBXProject section */

/* Begin PBXResourcesBuildPhase section */
		DB67C1EB202D4C38002215F6 /* Resources */ = {
			isa = PBXResourcesBuildPhase;
			buildActionMask = 2147483647;
			files = (
			);
			runOnlyForDeploymentPostprocessing = 0;
		};
		DBD1F9551FF8271200A2CAE6 /* Resources */ = {
			isa = PBXResourcesBuildPhase;
			buildActionMask = 2147483647;
			files = (
				DBD1F9651FF8271200A2CAE6 /* LaunchScreen.storyboard in Resources */,
				DBD1F9991FFAE44900A2CAE6 /* GoogleService-Info.plist in Resources */,
				DBD1F9621FF8271200A2CAE6 /* Assets.xcassets in Resources */,
				DBD1F9601FF8271200A2CAE6 /* Main.storyboard in Resources */,
			);
			runOnlyForDeploymentPostprocessing = 0;
		};
		DBD1F9741FF8271200A2CAE6 /* Resources */ = {
			isa = PBXResourcesBuildPhase;
			buildActionMask = 2147483647;
			files = (
			);
			runOnlyForDeploymentPostprocessing = 0;
		};
/* End PBXResourcesBuildPhase section */

/* Begin PBXShellScriptBuildPhase section */
		1B7F88A6AA196AF9363090D2 /* [CP] Embed Pods Frameworks */ = {
			isa = PBXShellScriptBuildPhase;
			buildActionMask = 12;
			files = (
			);
			inputPaths = (
				"${SRCROOT}/Pods/Target Support Files/Pods-ComCard/Pods-ComCard-frameworks.sh",
				"${BUILT_PRODUCTS_DIR}/GTMSessionFetcher/GTMSessionFetcher.framework",
				"${BUILT_PRODUCTS_DIR}/GoogleToolboxForMac-615f275e/GoogleToolboxForMac.framework",
				"${BUILT_PRODUCTS_DIR}/IQKeyboardManagerSwift/IQKeyboardManagerSwift.framework",
				"${BUILT_PRODUCTS_DIR}/NVActivityIndicatorView/NVActivityIndicatorView.framework",
				"${BUILT_PRODUCTS_DIR}/PCLBlurEffectAlert/PCLBlurEffectAlert.framework",
				"${BUILT_PRODUCTS_DIR}/Protobuf/Protobuf.framework",
				"${BUILT_PRODUCTS_DIR}/RNCryptor/RNCryptor.framework",
				"${BUILT_PRODUCTS_DIR}/TextFieldEffects/TextFieldEffects.framework",
				"${BUILT_PRODUCTS_DIR}/UITextField+Shake/UITextField_Shake.framework",
				"${BUILT_PRODUCTS_DIR}/leveldb-library/leveldb.framework",
				"${BUILT_PRODUCTS_DIR}/nanopb/nanopb.framework",
			);
			name = "[CP] Embed Pods Frameworks";
			outputPaths = (
				"${TARGET_BUILD_DIR}/${FRAMEWORKS_FOLDER_PATH}/GTMSessionFetcher.framework",
				"${TARGET_BUILD_DIR}/${FRAMEWORKS_FOLDER_PATH}/GoogleToolboxForMac.framework",
				"${TARGET_BUILD_DIR}/${FRAMEWORKS_FOLDER_PATH}/IQKeyboardManagerSwift.framework",
				"${TARGET_BUILD_DIR}/${FRAMEWORKS_FOLDER_PATH}/NVActivityIndicatorView.framework",
				"${TARGET_BUILD_DIR}/${FRAMEWORKS_FOLDER_PATH}/PCLBlurEffectAlert.framework",
				"${TARGET_BUILD_DIR}/${FRAMEWORKS_FOLDER_PATH}/Protobuf.framework",
				"${TARGET_BUILD_DIR}/${FRAMEWORKS_FOLDER_PATH}/RNCryptor.framework",
				"${TARGET_BUILD_DIR}/${FRAMEWORKS_FOLDER_PATH}/TextFieldEffects.framework",
				"${TARGET_BUILD_DIR}/${FRAMEWORKS_FOLDER_PATH}/UITextField_Shake.framework",
				"${TARGET_BUILD_DIR}/${FRAMEWORKS_FOLDER_PATH}/leveldb.framework",
				"${TARGET_BUILD_DIR}/${FRAMEWORKS_FOLDER_PATH}/nanopb.framework",
			);
			runOnlyForDeploymentPostprocessing = 0;
			shellPath = /bin/sh;
			shellScript = "\"${SRCROOT}/Pods/Target Support Files/Pods-ComCard/Pods-ComCard-frameworks.sh\"\n";
			showEnvVarsInLog = 0;
		};
		2136113EBD19AEF8309732B4 /* [CP] Embed Pods Frameworks */ = {
			isa = PBXShellScriptBuildPhase;
			buildActionMask = 2147483647;
			files = (
			);
			inputPaths = (
				"${SRCROOT}/Pods/Target Support Files/Pods-ComCardTests/Pods-ComCardTests-frameworks.sh",
				"${BUILT_PRODUCTS_DIR}/GoogleToolboxForMac-Defines-NSData+zlib/GoogleToolboxForMac.framework",
				"${BUILT_PRODUCTS_DIR}/nanopb/nanopb.framework",
			);
			name = "[CP] Embed Pods Frameworks";
			outputPaths = (
				"${TARGET_BUILD_DIR}/${FRAMEWORKS_FOLDER_PATH}/GoogleToolboxForMac.framework",
				"${TARGET_BUILD_DIR}/${FRAMEWORKS_FOLDER_PATH}/nanopb.framework",
			);
			runOnlyForDeploymentPostprocessing = 0;
			shellPath = /bin/sh;
			shellScript = "\"${SRCROOT}/Pods/Target Support Files/Pods-ComCardTests/Pods-ComCardTests-frameworks.sh\"\n";
			showEnvVarsInLog = 0;
		};
		BC434A0FECB7137545F293C3 /* [CP] Check Pods Manifest.lock */ = {
			isa = PBXShellScriptBuildPhase;
			buildActionMask = 2147483647;
			files = (
			);
			inputPaths = (
				"${PODS_PODFILE_DIR_PATH}/Podfile.lock",
				"${PODS_ROOT}/Manifest.lock",
			);
			name = "[CP] Check Pods Manifest.lock";
			outputPaths = (
				"$(DERIVED_FILE_DIR)/Pods-ComCard-checkManifestLockResult.txt",
			);
			runOnlyForDeploymentPostprocessing = 0;
			shellPath = /bin/sh;
			shellScript = "diff \"${PODS_PODFILE_DIR_PATH}/Podfile.lock\" \"${PODS_ROOT}/Manifest.lock\" > /dev/null\nif [ $? != 0 ] ; then\n    # print error to STDERR\n    echo \"error: The sandbox is not in sync with the Podfile.lock. Run 'pod install' or update your CocoaPods installation.\" >&2\n    exit 1\nfi\n# This output is used by Xcode 'outputs' to avoid re-running this script phase.\necho \"SUCCESS\" > \"${SCRIPT_OUTPUT_FILE_0}\"\n";
			showEnvVarsInLog = 0;
		};
		BE6AE7BC205FCC6FA9E6359D /* [CP] Copy Pods Resources */ = {
			isa = PBXShellScriptBuildPhase;
			buildActionMask = 2147483647;
			files = (
			);
			inputPaths = (
			);
			name = "[CP] Copy Pods Resources";
			outputPaths = (
			);
			runOnlyForDeploymentPostprocessing = 0;
			shellPath = /bin/sh;
			shellScript = "\"${SRCROOT}/Pods/Target Support Files/Pods-ComCardTests/Pods-ComCardTests-resources.sh\"\n";
			showEnvVarsInLog = 0;
		};
		F132E6DEC4922F45D787D43D /* [CP] Check Pods Manifest.lock */ = {
			isa = PBXShellScriptBuildPhase;
			buildActionMask = 2147483647;
			files = (
			);
			inputPaths = (
				"${PODS_PODFILE_DIR_PATH}/Podfile.lock",
				"${PODS_ROOT}/Manifest.lock",
			);
			name = "[CP] Check Pods Manifest.lock";
			outputPaths = (
				"$(DERIVED_FILE_DIR)/Pods-ComCardTests-checkManifestLockResult.txt",
			);
			runOnlyForDeploymentPostprocessing = 0;
			shellPath = /bin/sh;
			shellScript = "diff \"${PODS_PODFILE_DIR_PATH}/Podfile.lock\" \"${PODS_ROOT}/Manifest.lock\" > /dev/null\nif [ $? != 0 ] ; then\n    # print error to STDERR\n    echo \"error: The sandbox is not in sync with the Podfile.lock. Run 'pod install' or update your CocoaPods installation.\" >&2\n    exit 1\nfi\n# This output is used by Xcode 'outputs' to avoid re-running this script phase.\necho \"SUCCESS\" > \"${SCRIPT_OUTPUT_FILE_0}\"\n";
			showEnvVarsInLog = 0;
		};
		FBE2E31E1F7F99F9822EE37D /* [CP] Copy Pods Resources */ = {
			isa = PBXShellScriptBuildPhase;
			buildActionMask = 8;
			files = (
			);
			inputPaths = (
			);
			name = "[CP] Copy Pods Resources";
			outputPaths = (
			);
			runOnlyForDeploymentPostprocessing = 1;
			shellPath = /bin/sh;
			shellScript = "\"${SRCROOT}/Pods/Target Support Files/Pods-ComCard/Pods-ComCard-resources.sh\"\n";
			showEnvVarsInLog = 0;
		};
/* End PBXShellScriptBuildPhase section */

/* Begin PBXSourcesBuildPhase section */
		DB67C1E9202D4C38002215F6 /* Sources */ = {
			isa = PBXSourcesBuildPhase;
			buildActionMask = 2147483647;
			files = (
				DB67C1F0202D4C38002215F6 /* ComCardTests.swift in Sources */,
			);
			runOnlyForDeploymentPostprocessing = 0;
		};
		DBD1F9531FF8271200A2CAE6 /* Sources */ = {
			isa = PBXSourcesBuildPhase;
			buildActionMask = 2147483647;
			files = (
				DBAF94612033F0640008F66B /* ContactStruct.swift in Sources */,
				DBD1F9911FF8B15200A2CAE6 /* ContacVC.swift in Sources */,
				DBD1F95D1FF8271200A2CAE6 /* HomeScreenVC.swift in Sources */,
				DBD1F9891FF8313900A2CAE6 /* buttonStyle.swift in Sources */,
				DB2E3AAE2011B54D00E39C79 /* PasswordCaptureVC.swift in Sources */,
				DB30BE122040D02F00A289C5 /* CustomAlert+Ext.swift in Sources */,
				DBD1F99D1FFB061400A2CAE6 /* AuthService.swift in Sources */,
				DB34E9FF202314EC00AF8640 /* ChatMessageCVCell.swift in Sources */,
				DBAF9467203400120008F66B /* ContacCell.swift in Sources */,
				DB2E3ABF201EF1CA00E39C79 /* MessagesVC.swift in Sources */,
				DBD1F9931FF8EFEF00A2CAE6 /* ConfirmLoginVC.swift in Sources */,
				DB30BE09203D714700A289C5 /* TextViewExt.swift in Sources */,
				DBB1AF39202C4BB100FF6AA6 /* tabBarStyle.swift in Sources */,
				DB2E3AB82018871F00E39C79 /* StringSpaces.swift in Sources */,
				DB78D492200D730B005D5219 /* imageStyle.swift in Sources */,
				DBAF94652033F2440008F66B /* ContactsInviteVC.swift in Sources */,
				DB2E3AB42016BA8B00E39C79 /* TextFieldStyle.swift in Sources */,
				DBD1F9A21FFC4CA300A2CAE6 /* UserSigninVC.swift in Sources */,
				DB78D490200C96A6005D5219 /* viewStyle.swift in Sources */,
				DB2E3ABD2019733900E39C79 /* MessageCell.swift in Sources */,
				DBD1F9951FF9FE4300A2CAE6 /* UserDetailsVC.swift in Sources */,
				DBBCCC5620044A050078E662 /* StorageService.swift in Sources */,
				DBD1F98D1FF83B9000A2CAE6 /* UserSignupVC.swift in Sources */,
				DB30BE05203AE01500A289C5 /* tabbaritemStyle.swift in Sources */,
				DB0CAE8E1FFDFEE600F7B8C5 /* User.swift in Sources */,
				DB7BE7551FFDF25400987939 /* ConfigureCell.swift in Sources */,
				DBAF945B202FFA4A0008F66B /* ChangePasswordVC.swift in Sources */,
				DB2E3AB22015A33B00E39C79 /* ChatLogVC.swift in Sources */,
				DBAF945F203398DC0008F66B /* QRCode3dVC.swift in Sources */,
				DB30BE10203EAE0600A289C5 /* cameraControllerVC.swift in Sources */,
				DBB1AF37202C2AEC00FF6AA6 /* SettingsVC.swift in Sources */,
				DBB1AF2D2029A11C00FF6AA6 /* NSDictionaryFindKey.swift in Sources */,
				DBAF946D20341D350008F66B /* SearchbarStyle.swift in Sources */,
				DBD1F95B1FF8271200A2CAE6 /* AppDelegate.swift in Sources */,
				DB30BE012037AB7700A289C5 /* OrderPlaceVC.swift in Sources */,
				DB2E3AB02011CFB200E39C79 /* NameCaptureVC.swift in Sources */,
				DBB1AF35202C29F200FF6AA6 /* QRCodeVC.swift in Sources */,
				DB30BE03203A61E100A289C5 /* HTTPService.swift in Sources */,
				DBB1AF2B2029861400FF6AA6 /* CountryCodesAndNames.swift in Sources */,
				DB30BE0D203D74F300A289C5 /* textViewStyle.swift in Sources */,
				DBBCCC592006DA250078E662 /* Image+size.swift in Sources */,
				DB2E3ABB2019717C00E39C79 /* Message.swift in Sources */,
				DB2E3AAC2011B26800E39C79 /* EmailCaptureVC.swift in Sources */,
				DB34EA0320268F0A00AF8640 /* ImageCache.swift in Sources */,
				DBD1F99B1FFAE62A00A2CAE6 /* DataService.swift in Sources */,
			);
			runOnlyForDeploymentPostprocessing = 0;
		};
		DBD1F9721FF8271200A2CAE6 /* Sources */ = {
			isa = PBXSourcesBuildPhase;
			buildActionMask = 2147483647;
			files = (
				DBD1F97B1FF8271200A2CAE6 /* ComCardUITests.swift in Sources */,
			);
			runOnlyForDeploymentPostprocessing = 0;
		};
/* End PBXSourcesBuildPhase section */

/* Begin PBXTargetDependency section */
		DB67C1F3202D4C38002215F6 /* PBXTargetDependency */ = {
			isa = PBXTargetDependency;
			target = DBD1F9561FF8271200A2CAE6 /* ComCard */;
			targetProxy = DB67C1F2202D4C38002215F6 /* PBXContainerItemProxy */;
		};
		DBD1F9781FF8271200A2CAE6 /* PBXTargetDependency */ = {
			isa = PBXTargetDependency;
			target = DBD1F9561FF8271200A2CAE6 /* ComCard */;
			targetProxy = DBD1F9771FF8271200A2CAE6 /* PBXContainerItemProxy */;
		};
/* End PBXTargetDependency section */

/* Begin PBXVariantGroup section */
		DBD1F95E1FF8271200A2CAE6 /* Main.storyboard */ = {
			isa = PBXVariantGroup;
			children = (
				DBD1F95F1FF8271200A2CAE6 /* Base */,
			);
			name = Main.storyboard;
			sourceTree = "<group>";
		};
		DBD1F9631FF8271200A2CAE6 /* LaunchScreen.storyboard */ = {
			isa = PBXVariantGroup;
			children = (
				DBD1F9641FF8271200A2CAE6 /* Base */,
			);
			name = LaunchScreen.storyboard;
			sourceTree = "<group>";
		};
/* End PBXVariantGroup section */

/* Begin XCBuildConfiguration section */
		DB67C1F4202D4C38002215F6 /* Debug */ = {
			isa = XCBuildConfiguration;
			baseConfigurationReference = 8298AE083F765C1146B7C490 /* Pods-ComCardTests.debug.xcconfig */;
			buildSettings = {
				BUNDLE_LOADER = "$(TEST_HOST)";
				CODE_SIGN_STYLE = Automatic;
				DEVELOPMENT_TEAM = 8LP7F4D4WS;
				INFOPLIST_FILE = ComCardTests/Info.plist;
				LD_RUNPATH_SEARCH_PATHS = "$(inherited) @executable_path/Frameworks @loader_path/Frameworks";
				PRODUCT_BUNDLE_IDENTIFIER = PragunSharma.ComCardTests;
				PRODUCT_NAME = "$(TARGET_NAME)";
				SWIFT_VERSION = 4.0;
				TARGETED_DEVICE_FAMILY = "1,2";
				TEST_HOST = "$(BUILT_PRODUCTS_DIR)/ComCard.app/ComCard";
			};
			name = Debug;
		};
		DB67C1F5202D4C38002215F6 /* Release */ = {
			isa = XCBuildConfiguration;
			baseConfigurationReference = 23DDE27A85F6152E72566201 /* Pods-ComCardTests.release.xcconfig */;
			buildSettings = {
				BUNDLE_LOADER = "$(TEST_HOST)";
				CODE_SIGN_STYLE = Automatic;
				DEVELOPMENT_TEAM = 8LP7F4D4WS;
				INFOPLIST_FILE = ComCardTests/Info.plist;
				LD_RUNPATH_SEARCH_PATHS = "$(inherited) @executable_path/Frameworks @loader_path/Frameworks";
				PRODUCT_BUNDLE_IDENTIFIER = PragunSharma.ComCardTests;
				PRODUCT_NAME = "$(TARGET_NAME)";
				SWIFT_VERSION = 4.0;
				TARGETED_DEVICE_FAMILY = "1,2";
				TEST_HOST = "$(BUILT_PRODUCTS_DIR)/ComCard.app/ComCard";
			};
			name = Release;
		};
		DBD1F97D1FF8271200A2CAE6 /* Debug */ = {
			isa = XCBuildConfiguration;
			buildSettings = {
				ALWAYS_SEARCH_USER_PATHS = NO;
				CLANG_ANALYZER_NONNULL = YES;
				CLANG_ANALYZER_NUMBER_OBJECT_CONVERSION = YES_AGGRESSIVE;
				CLANG_CXX_LANGUAGE_STANDARD = "gnu++14";
				CLANG_CXX_LIBRARY = "libc++";
				CLANG_ENABLE_MODULES = YES;
				CLANG_ENABLE_OBJC_ARC = YES;
				CLANG_WARN_BLOCK_CAPTURE_AUTORELEASING = YES;
				CLANG_WARN_BOOL_CONVERSION = YES;
				CLANG_WARN_COMMA = YES;
				CLANG_WARN_CONSTANT_CONVERSION = YES;
				CLANG_WARN_DIRECT_OBJC_ISA_USAGE = YES_ERROR;
				CLANG_WARN_DOCUMENTATION_COMMENTS = YES;
				CLANG_WARN_EMPTY_BODY = YES;
				CLANG_WARN_ENUM_CONVERSION = YES;
				CLANG_WARN_INFINITE_RECURSION = YES;
				CLANG_WARN_INT_CONVERSION = YES;
				CLANG_WARN_NON_LITERAL_NULL_CONVERSION = YES;
				CLANG_WARN_OBJC_LITERAL_CONVERSION = YES;
				CLANG_WARN_OBJC_ROOT_CLASS = YES_ERROR;
				CLANG_WARN_RANGE_LOOP_ANALYSIS = YES;
				CLANG_WARN_STRICT_PROTOTYPES = YES;
				CLANG_WARN_SUSPICIOUS_MOVE = YES;
				CLANG_WARN_UNGUARDED_AVAILABILITY = YES_AGGRESSIVE;
				CLANG_WARN_UNREACHABLE_CODE = YES;
				CLANG_WARN__DUPLICATE_METHOD_MATCH = YES;
				CODE_SIGN_IDENTITY = "iPhone Developer";
				COPY_PHASE_STRIP = NO;
				DEBUG_INFORMATION_FORMAT = dwarf;
				ENABLE_STRICT_OBJC_MSGSEND = YES;
				ENABLE_TESTABILITY = YES;
				GCC_C_LANGUAGE_STANDARD = gnu11;
				GCC_DYNAMIC_NO_PIC = NO;
				GCC_NO_COMMON_BLOCKS = YES;
				GCC_OPTIMIZATION_LEVEL = 0;
				GCC_PREPROCESSOR_DEFINITIONS = (
					"DEBUG=1",
					"$(inherited)",
				);
				GCC_WARN_64_TO_32_BIT_CONVERSION = YES;
				GCC_WARN_ABOUT_RETURN_TYPE = YES_ERROR;
				GCC_WARN_UNDECLARED_SELECTOR = YES;
				GCC_WARN_UNINITIALIZED_AUTOS = YES_AGGRESSIVE;
				GCC_WARN_UNUSED_FUNCTION = YES;
				GCC_WARN_UNUSED_VARIABLE = YES;
				IPHONEOS_DEPLOYMENT_TARGET = 11.2;
				MTL_ENABLE_DEBUG_INFO = YES;
				ONLY_ACTIVE_ARCH = YES;
				SDKROOT = iphoneos;
				SWIFT_ACTIVE_COMPILATION_CONDITIONS = DEBUG;
				SWIFT_OPTIMIZATION_LEVEL = "-Onone";
			};
			name = Debug;
		};
		DBD1F97E1FF8271200A2CAE6 /* Release */ = {
			isa = XCBuildConfiguration;
			buildSettings = {
				ALWAYS_SEARCH_USER_PATHS = NO;
				CLANG_ANALYZER_NONNULL = YES;
				CLANG_ANALYZER_NUMBER_OBJECT_CONVERSION = YES_AGGRESSIVE;
				CLANG_CXX_LANGUAGE_STANDARD = "gnu++14";
				CLANG_CXX_LIBRARY = "libc++";
				CLANG_ENABLE_MODULES = YES;
				CLANG_ENABLE_OBJC_ARC = YES;
				CLANG_WARN_BLOCK_CAPTURE_AUTORELEASING = YES;
				CLANG_WARN_BOOL_CONVERSION = YES;
				CLANG_WARN_COMMA = YES;
				CLANG_WARN_CONSTANT_CONVERSION = YES;
				CLANG_WARN_DIRECT_OBJC_ISA_USAGE = YES_ERROR;
				CLANG_WARN_DOCUMENTATION_COMMENTS = YES;
				CLANG_WARN_EMPTY_BODY = YES;
				CLANG_WARN_ENUM_CONVERSION = YES;
				CLANG_WARN_INFINITE_RECURSION = YES;
				CLANG_WARN_INT_CONVERSION = YES;
				CLANG_WARN_NON_LITERAL_NULL_CONVERSION = YES;
				CLANG_WARN_OBJC_LITERAL_CONVERSION = YES;
				CLANG_WARN_OBJC_ROOT_CLASS = YES_ERROR;
				CLANG_WARN_RANGE_LOOP_ANALYSIS = YES;
				CLANG_WARN_STRICT_PROTOTYPES = YES;
				CLANG_WARN_SUSPICIOUS_MOVE = YES;
				CLANG_WARN_UNGUARDED_AVAILABILITY = YES_AGGRESSIVE;
				CLANG_WARN_UNREACHABLE_CODE = YES;
				CLANG_WARN__DUPLICATE_METHOD_MATCH = YES;
				CODE_SIGN_IDENTITY = "iPhone Developer";
				COPY_PHASE_STRIP = NO;
				DEBUG_INFORMATION_FORMAT = "dwarf-with-dsym";
				ENABLE_NS_ASSERTIONS = NO;
				ENABLE_STRICT_OBJC_MSGSEND = YES;
				GCC_C_LANGUAGE_STANDARD = gnu11;
				GCC_NO_COMMON_BLOCKS = YES;
				GCC_WARN_64_TO_32_BIT_CONVERSION = YES;
				GCC_WARN_ABOUT_RETURN_TYPE = YES_ERROR;
				GCC_WARN_UNDECLARED_SELECTOR = YES;
				GCC_WARN_UNINITIALIZED_AUTOS = YES_AGGRESSIVE;
				GCC_WARN_UNUSED_FUNCTION = YES;
				GCC_WARN_UNUSED_VARIABLE = YES;
				IPHONEOS_DEPLOYMENT_TARGET = 11.2;
				MTL_ENABLE_DEBUG_INFO = NO;
				SDKROOT = iphoneos;
				SWIFT_OPTIMIZATION_LEVEL = "-Owholemodule";
				VALIDATE_PRODUCT = YES;
			};
			name = Release;
		};
		DBD1F9801FF8271200A2CAE6 /* Debug */ = {
			isa = XCBuildConfiguration;
			baseConfigurationReference = 8411E7F6BE361A8D6FF6BCDB /* Pods-ComCard.debug.xcconfig */;
			buildSettings = {
				ASSETCATALOG_COMPILER_APPICON_NAME = AppIcon;
				CODE_SIGN_ENTITLEMENTS = ComCard/ComCard.entitlements;
				CODE_SIGN_STYLE = Automatic;
				DEVELOPMENT_TEAM = 8LP7F4D4WS;
				INFOPLIST_FILE = ComCard/Info.plist;
				IPHONEOS_DEPLOYMENT_TARGET = 11.0;
				LD_RUNPATH_SEARCH_PATHS = "$(inherited) @executable_path/Frameworks";
				PRODUCT_BUNDLE_IDENTIFIER = PragunSharma.ComCard;
				PRODUCT_NAME = "$(TARGET_NAME)";
				SWIFT_VERSION = 4.0;
				TARGETED_DEVICE_FAMILY = "1,2";
			};
			name = Debug;
		};
		DBD1F9811FF8271200A2CAE6 /* Release */ = {
			isa = XCBuildConfiguration;
			baseConfigurationReference = 05E723363CE9757A9B7CAA03 /* Pods-ComCard.release.xcconfig */;
			buildSettings = {
				ASSETCATALOG_COMPILER_APPICON_NAME = AppIcon;
				CODE_SIGN_ENTITLEMENTS = ComCard/ComCard.entitlements;
				CODE_SIGN_STYLE = Automatic;
				DEVELOPMENT_TEAM = 8LP7F4D4WS;
				INFOPLIST_FILE = ComCard/Info.plist;
				IPHONEOS_DEPLOYMENT_TARGET = 11.0;
				LD_RUNPATH_SEARCH_PATHS = "$(inherited) @executable_path/Frameworks";
				PRODUCT_BUNDLE_IDENTIFIER = PragunSharma.ComCard;
				PRODUCT_NAME = "$(TARGET_NAME)";
				SWIFT_VERSION = 4.0;
				TARGETED_DEVICE_FAMILY = "1,2";
			};
			name = Release;
		};
		DBD1F9861FF8271200A2CAE6 /* Debug */ = {
			isa = XCBuildConfiguration;
			buildSettings = {
				ALWAYS_EMBED_SWIFT_STANDARD_LIBRARIES = YES;
				CODE_SIGN_STYLE = Automatic;
				DEVELOPMENT_TEAM = 8LP7F4D4WS;
				INFOPLIST_FILE = ComCardUITests/Info.plist;
				LD_RUNPATH_SEARCH_PATHS = "$(inherited) @executable_path/Frameworks @loader_path/Frameworks";
				PRODUCT_BUNDLE_IDENTIFIER = PragunSharma.ComCardUITests;
				PRODUCT_NAME = "$(TARGET_NAME)";
				SWIFT_VERSION = 4.0;
				TARGETED_DEVICE_FAMILY = "1,2";
				TEST_TARGET_NAME = ComCard;
			};
			name = Debug;
		};
		DBD1F9871FF8271200A2CAE6 /* Release */ = {
			isa = XCBuildConfiguration;
			buildSettings = {
				ALWAYS_EMBED_SWIFT_STANDARD_LIBRARIES = YES;
				CODE_SIGN_STYLE = Automatic;
				DEVELOPMENT_TEAM = 8LP7F4D4WS;
				INFOPLIST_FILE = ComCardUITests/Info.plist;
				LD_RUNPATH_SEARCH_PATHS = "$(inherited) @executable_path/Frameworks @loader_path/Frameworks";
				PRODUCT_BUNDLE_IDENTIFIER = PragunSharma.ComCardUITests;
				PRODUCT_NAME = "$(TARGET_NAME)";
				SWIFT_VERSION = 4.0;
				TARGETED_DEVICE_FAMILY = "1,2";
				TEST_TARGET_NAME = ComCard;
			};
			name = Release;
		};
/* End XCBuildConfiguration section */

/* Begin XCConfigurationList section */
		DB67C1F6202D4C38002215F6 /* Build configuration list for PBXNativeTarget "ComCardTests" */ = {
			isa = XCConfigurationList;
			buildConfigurations = (
				DB67C1F4202D4C38002215F6 /* Debug */,
				DB67C1F5202D4C38002215F6 /* Release */,
			);
			defaultConfigurationIsVisible = 0;
			defaultConfigurationName = Release;
		};
		DBD1F9521FF8271200A2CAE6 /* Build configuration list for PBXProject "ComCard" */ = {
			isa = XCConfigurationList;
			buildConfigurations = (
				DBD1F97D1FF8271200A2CAE6 /* Debug */,
				DBD1F97E1FF8271200A2CAE6 /* Release */,
			);
			defaultConfigurationIsVisible = 0;
			defaultConfigurationName = Release;
		};
		DBD1F97F1FF8271200A2CAE6 /* Build configuration list for PBXNativeTarget "ComCard" */ = {
			isa = XCConfigurationList;
			buildConfigurations = (
				DBD1F9801FF8271200A2CAE6 /* Debug */,
				DBD1F9811FF8271200A2CAE6 /* Release */,
			);
			defaultConfigurationIsVisible = 0;
			defaultConfigurationName = Release;
		};
		DBD1F9851FF8271200A2CAE6 /* Build configuration list for PBXNativeTarget "ComCardUITests" */ = {
			isa = XCConfigurationList;
			buildConfigurations = (
				DBD1F9861FF8271200A2CAE6 /* Debug */,
				DBD1F9871FF8271200A2CAE6 /* Release */,
			);
			defaultConfigurationIsVisible = 0;
			defaultConfigurationName = Release;
		};
/* End XCConfigurationList section */
	};
	rootObject = DBD1F94F1FF8271200A2CAE6 /* Project object */;
}
